
Microsoft Visual Studio Solution File, Format Version 12.00
# Visual Studio Version 16
VisualStudioVersion = 16.0.31911.196
MinimumVisualStudioVersion = 10.0.40219.1
Project("{9A19103F-16F7-4668-BE54-9A1E7A4F7556}") = "MyMovie", "MyMovie.csproj", "{F54AD88C-3A34-40DC-8BFC-76237D5147AC}"
EndProject
Global
	GlobalSection(SolutionConfigurationPlatforms) = preSolution
		Debug|Any CPU = Debug|Any CPU
		Release|Any CPU = Release|Any CPU
	EndGlobalSection
	GlobalSection(ProjectConfigurationPlatforms) = postSolution
		{F54AD88C-3A34-40DC-8BFC-76237D5147AC}.Debug|Any CPU.ActiveCfg = Debug|Any CPU
		{F54AD88C-3A34-40DC-8BFC-76237D5147AC}.Debug|Any CPU.Build.0 = Debug|Any CPU
		{F54AD88C-3A34-40DC-8BFC-76237D5147AC}.Release|Any CPU.ActiveCfg = Release|Any CPU
		{F54AD88C-3A34-40DC-8BFC-76237D5147AC}.Release|Any CPU.Build.0 = Release|Any CPU
	EndGlobalSection
	GlobalSection(SolutionProperties) = preSolution
		HideSolutionNode = FALSE
	EndGlobalSection
	GlobalSection(ExtensibilityGlobals) = postSolution
		SolutionGuid = {1AB9704A-4BB0-48B0-8B37-8DEF397FC678}
	EndGlobalSection
EndGlobal
